
Microsoft Visual Studio Solution File, Format Version 12.00
# Visual Studio Version 17
VisualStudioVersion = 17.8.34601.278
MinimumVisualStudioVersion = 10.0.40219.1
Project("{FAE04EC0-301F-11D3-BF4B-00C04F79EFBC}") = "MalaHealth.Server", "MalaHealth.Server\MalaHealth.Server.csproj", "{A7BA0B56-DF9A-4F99-919F-56E77709B780}"
EndProject
Project("{54A90642-561A-4BB1-A94E-469ADEE60C69}") = "malahealth.client", "malahealth.client\malahealth.client.esproj", "{D9307972-EC8D-45F5-B865-3BA2632872F9}"
EndProject
Project("{FAE04EC0-301F-11D3-BF4B-00C04F79EFBC}") = "DataInterface", "DataInterface\DataInterface.csproj", "{AB346C30-F93C-43DE-8A0E-D2184F82158B}"
EndProject
Project("{FAE04EC0-301F-11D3-BF4B-00C04F79EFBC}") = "MalaHealth.Repo", "MalaHealth.Repo\MalaHealth.Repo.csproj", "{D57CEA71-3913-4BB3-B294-85F004DFB302}"
EndProject
Project("{FAE04EC0-301F-11D3-BF4B-00C04F79EFBC}") = "MalaHealth.EFCore", "MalaHealth.EFCore\MalaHealth.EFCore.csproj", "{F2817E9C-5549-467E-B718-89E8B07DDFF4}"
EndProject
Global
	GlobalSection(SolutionConfigurationPlatforms) = preSolution
		Debug|Any CPU = Debug|Any CPU
		Release|Any CPU = Release|Any CPU
	EndGlobalSection
	GlobalSection(ProjectConfigurationPlatforms) = postSolution
		{A7BA0B56-DF9A-4F99-919F-56E77709B780}.Debug|Any CPU.ActiveCfg = Debug|Any CPU
		{A7BA0B56-DF9A-4F99-919F-56E77709B780}.Debug|Any CPU.Build.0 = Debug|Any CPU
		{A7BA0B56-DF9A-4F99-919F-56E77709B780}.Release|Any CPU.ActiveCfg = Release|Any CPU
		{A7BA0B56-DF9A-4F99-919F-56E77709B780}.Release|Any CPU.Build.0 = Release|Any CPU
		{D9307972-EC8D-45F5-B865-3BA2632872F9}.Debug|Any CPU.ActiveCfg = Debug|Any CPU
		{D9307972-EC8D-45F5-B865-3BA2632872F9}.Debug|Any CPU.Build.0 = Debug|Any CPU
		{D9307972-EC8D-45F5-B865-3BA2632872F9}.Debug|Any CPU.Deploy.0 = Debug|Any CPU
		{D9307972-EC8D-45F5-B865-3BA2632872F9}.Release|Any CPU.ActiveCfg = Release|Any CPU
		{D9307972-EC8D-45F5-B865-3BA2632872F9}.Release|Any CPU.Build.0 = Release|Any CPU
		{D9307972-EC8D-45F5-B865-3BA2632872F9}.Release|Any CPU.Deploy.0 = Release|Any CPU
		{AB346C30-F93C-43DE-8A0E-D2184F82158B}.Debug|Any CPU.ActiveCfg = Debug|Any CPU
		{AB346C30-F93C-43DE-8A0E-D2184F82158B}.Debug|Any CPU.Build.0 = Debug|Any CPU
		{AB346C30-F93C-43DE-8A0E-D2184F82158B}.Release|Any CPU.ActiveCfg = Release|Any CPU
		{AB346C30-F93C-43DE-8A0E-D2184F82158B}.Release|Any CPU.Build.0 = Release|Any CPU
		{D57CEA71-3913-4BB3-B294-85F004DFB302}.Debug|Any CPU.ActiveCfg = Debug|Any CPU
		{D57CEA71-3913-4BB3-B294-85F004DFB302}.Debug|Any CPU.Build.0 = Debug|Any CPU
		{D57CEA71-3913-4BB3-B294-85F004DFB302}.Release|Any CPU.ActiveCfg = Release|Any CPU
		{D57CEA71-3913-4BB3-B294-85F004DFB302}.Release|Any CPU.Build.0 = Release|Any CPU
		{F2817E9C-5549-467E-B718-89E8B07DDFF4}.Debug|Any CPU.ActiveCfg = Debug|Any CPU
		{F2817E9C-5549-467E-B718-89E8B07DDFF4}.Debug|Any CPU.Build.0 = Debug|Any CPU
		{F2817E9C-5549-467E-B718-89E8B07DDFF4}.Release|Any CPU.ActiveCfg = Release|Any CPU
		{F2817E9C-5549-467E-B718-89E8B07DDFF4}.Release|Any CPU.Build.0 = Release|Any CPU
	EndGlobalSection
	GlobalSection(SolutionProperties) = preSolution
		HideSolutionNode = FALSE
	EndGlobalSection
	GlobalSection(ExtensibilityGlobals) = postSolution
		SolutionGuid = {4DBE209D-86FB-45A1-9D93-5796BBB5841E}
	EndGlobalSection
EndGlobal
